// !$*UTF8*$!
{
	archiveVersion = 1;
	classes = {
	};
	objectVersion = 55;
	objects = {

/* Begin PBXBuildFile section */
		1D8E960B27AEAC910024CBB3 /* AppDelegate.swift in Sources */ = {isa = PBXBuildFile; fileRef = 1D8E960A27AEAC910024CBB3 /* AppDelegate.swift */; };
		1D8E960D27AEAC910024CBB3 /* SceneDelegate.swift in Sources */ = {isa = PBXBuildFile; fileRef = 1D8E960C27AEAC910024CBB3 /* SceneDelegate.swift */; };
		1D8E960F27AEAC910024CBB3 /* ViewController.swift in Sources */ = {isa = PBXBuildFile; fileRef = 1D8E960E27AEAC910024CBB3 /* ViewController.swift */; };
		1D8E961227AEAC910024CBB3 /* Main.storyboard in Resources */ = {isa = PBXBuildFile; fileRef = 1D8E961027AEAC910024CBB3 /* Main.storyboard */; };
		1D8E961427AEAC930024CBB3 /* Assets.xcassets in Resources */ = {isa = PBXBuildFile; fileRef = 1D8E961327AEAC930024CBB3 /* Assets.xcassets */; };
		1D8E961727AEAC930024CBB3 /* LaunchScreen.storyboard in Resources */ = {isa = PBXBuildFile; fileRef = 1D8E961527AEAC930024CBB3 /* LaunchScreen.storyboard */; };
		1D8E962227AEAC930024CBB3 /* TestTecnicalTests.swift in Sources */ = {isa = PBXBuildFile; fileRef = 1D8E962127AEAC930024CBB3 /* TestTecnicalTests.swift */; };
		1D8E962C27AEAC930024CBB3 /* TestTecnicalUITests.swift in Sources */ = {isa = PBXBuildFile; fileRef = 1D8E962B27AEAC930024CBB3 /* TestTecnicalUITests.swift */; };
		1D8E962E27AEAC930024CBB3 /* TestTecnicalUITestsLaunchTests.swift in Sources */ = {isa = PBXBuildFile; fileRef = 1D8E962D27AEAC930024CBB3 /* TestTecnicalUITestsLaunchTests.swift */; };
/* End PBXBuildFile section */

/* Begin PBXContainerItemProxy section */
		1D8E961E27AEAC930024CBB3 /* PBXContainerItemProxy */ = {
			isa = PBXContainerItemProxy;
			containerPortal = 1D8E95FF27AEAC910024CBB3 /* Project object */;
			proxyType = 1;
			remoteGlobalIDString = 1D8E960627AEAC910024CBB3;
			remoteInfo = TestTecnical;
		};
		1D8E962827AEAC930024CBB3 /* PBXContainerItemProxy */ = {
			isa = PBXContainerItemProxy;
			containerPortal = 1D8E95FF27AEAC910024CBB3 /* Project object */;
			proxyType = 1;
			remoteGlobalIDString = 1D8E960627AEAC910024CBB3;
			remoteInfo = TestTecnical;
		};
/* End PBXContainerItemProxy section */

/* Begin PBXFileReference section */
		1D8E960727AEAC910024CBB3 /* TestTecnical.app */ = {isa = PBXFileReference; explicitFileType = wrapper.application; includeInIndex = 0; path = TestTecnical.app; sourceTree = BUILT_PRODUCTS_DIR; };
		1D8E960A27AEAC910024CBB3 /* AppDelegate.swift */ = {isa = PBXFileReference; lastKnownFileType = sourcecode.swift; path = AppDelegate.swift; sourceTree = "<group>"; };
		1D8E960C27AEAC910024CBB3 /* SceneDelegate.swift */ = {isa = PBXFileReference; lastKnownFileType = sourcecode.swift; path = SceneDelegate.swift; sourceTree = "<group>"; };
		1D8E960E27AEAC910024CBB3 /* ViewController.swift */ = {isa = PBXFileReference; lastKnownFileType = sourcecode.swift; path = ViewController.swift; sourceTree = "<group>"; };
		1D8E961127AEAC910024CBB3 /* Base */ = {isa = PBXFileReference; lastKnownFileType = file.storyboard; name = Base; path = Base.lproj/Main.storyboard; sourceTree = "<group>"; };
		1D8E961327AEAC930024CBB3 /* Assets.xcassets */ = {isa = PBXFileReference; lastKnownFileType = folder.assetcatalog; path = Assets.xcassets; sourceTree = "<group>"; };
		1D8E961627AEAC930024CBB3 /* Base */ = {isa = PBXFileReference; lastKnownFileType = file.storyboard; name = Base; path = Base.lproj/LaunchScreen.storyboard; sourceTree = "<group>"; };
		1D8E961827AEAC930024CBB3 /* Info.plist */ = {isa = PBXFileReference; lastKnownFileType = text.plist.xml; path = Info.plist; sourceTree = "<group>"; };
		1D8E961D27AEAC930024CBB3 /* TestTecnicalTests.xctest */ = {isa = PBXFileReference; explicitFileType = wrapper.cfbundle; includeInIndex = 0; path = TestTecnicalTests.xctest; sourceTree = BUILT_PRODUCTS_DIR; };
		1D8E962127AEAC930024CBB3 /* TestTecnicalTests.swift */ = {isa = PBXFileReference; lastKnownFileType = sourcecode.swift; path = TestTecnicalTests.swift; sourceTree = "<group>"; };
		1D8E962727AEAC930024CBB3 /* TestTecnicalUITests.xctest */ = {isa = PBXFileReference; explicitFileType = wrapper.cfbundle; includeInIndex = 0; path = TestTecnicalUITests.xctest; sourceTree = BUILT_PRODUCTS_DIR; };
		1D8E962B27AEAC930024CBB3 /* TestTecnicalUITests.swift */ = {isa = PBXFileReference; lastKnownFileType = sourcecode.swift; path = TestTecnicalUITests.swift; sourceTree = "<group>"; };
		1D8E962D27AEAC930024CBB3 /* TestTecnicalUITestsLaunchTests.swift */ = {isa = PBXFileReference; lastKnownFileType = sourcecode.swift; path = TestTecnicalUITestsLaunchTests.swift; sourceTree = "<group>"; };
/* End PBXFileReference section */

/* Begin PBXFrameworksBuildPhase section */
		1D8E960427AEAC910024CBB3 /* Frameworks */ = {
			isa = PBXFrameworksBuildPhase;
			buildActionMask = 2147483647;
			files = (
			);
			runOnlyForDeploymentPostprocessing = 0;
		};
		1D8E961A27AEAC930024CBB3 /* Frameworks */ = {
			isa = PBXFrameworksBuildPhase;
			buildActionMask = 2147483647;
			files = (
			);
			runOnlyForDeploymentPostprocessing = 0;
		};
		1D8E962427AEAC930024CBB3 /* Frameworks */ = {
			isa = PBXFrameworksBuildPhase;
			buildActionMask = 2147483647;
			files = (
			);
			runOnlyForDeploymentPostprocessing = 0;
		};
/* End PBXFrameworksBuildPhase section */

/* Begin PBXGroup section */
		1D8E95FE27AEAC910024CBB3 = {
			isa = PBXGroup;
			children = (
				1D8E960927AEAC910024CBB3 /* TestTecnical */,
				1D8E962027AEAC930024CBB3 /* TestTecnicalTests */,
				1D8E962A27AEAC930024CBB3 /* TestTecnicalUITests */,
				1D8E960827AEAC910024CBB3 /* Products */,
			);
			sourceTree = "<group>";
		};
		1D8E960827AEAC910024CBB3 /* Products */ = {
			isa = PBXGroup;
			children = (
				1D8E960727AEAC910024CBB3 /* TestTecnical.app */,
				1D8E961D27AEAC930024CBB3 /* TestTecnicalTests.xctest */,
				1D8E962727AEAC930024CBB3 /* TestTecnicalUITests.xctest */,
			);
			name = Products;
			sourceTree = "<group>";
		};
		1D8E960927AEAC910024CBB3 /* TestTecnical */ = {
			isa = PBXGroup;
			children = (
				1D8E960A27AEAC910024CBB3 /* AppDelegate.swift */,
				1D8E960C27AEAC910024CBB3 /* SceneDelegate.swift */,
				1D8E960E27AEAC910024CBB3 /* ViewController.swift */,
				1D8E961027AEAC910024CBB3 /* Main.storyboard */,
				1D8E961327AEAC930024CBB3 /* Assets.xcassets */,
				1D8E961527AEAC930024CBB3 /* LaunchScreen.storyboard */,
				1D8E961827AEAC930024CBB3 /* Info.plist */,
			);
			path = TestTecnical;
			sourceTree = "<group>";
		};
		1D8E962027AEAC930024CBB3 /* TestTecnicalTests */ = {
			isa = PBXGroup;
			children = (
				1D8E962127AEAC930024CBB3 /* TestTecnicalTests.swift */,
			);
			path = TestTecnicalTests;
			sourceTree = "<group>";
		};
		1D8E962A27AEAC930024CBB3 /* TestTecnicalUITests */ = {
			isa = PBXGroup;
			children = (
				1D8E962B27AEAC930024CBB3 /* TestTecnicalUITests.swift */,
				1D8E962D27AEAC930024CBB3 /* TestTecnicalUITestsLaunchTests.swift */,
			);
			path = TestTecnicalUITests;
			sourceTree = "<group>";
		};
/* End PBXGroup section */

/* Begin PBXNativeTarget section */
		1D8E960627AEAC910024CBB3 /* TestTecnical */ = {
			isa = PBXNativeTarget;
			buildConfigurationList = 1D8E963127AEAC930024CBB3 /* Build configuration list for PBXNativeTarget "TestTecnical" */;
			buildPhases = (
				1D8E960327AEAC910024CBB3 /* Sources */,
				1D8E960427AEAC910024CBB3 /* Frameworks */,
				1D8E960527AEAC910024CBB3 /* Resources */,
			);
			buildRules = (
			);
			dependencies = (
			);
			name = TestTecnical;
			productName = TestTecnical;
			productReference = 1D8E960727AEAC910024CBB3 /* TestTecnical.app */;
			productType = "com.apple.product-type.application";
		};
		1D8E961C27AEAC930024CBB3 /* TestTecnicalTests */ = {
			isa = PBXNativeTarget;
			buildConfigurationList = 1D8E963427AEAC930024CBB3 /* Build configuration list for PBXNativeTarget "TestTecnicalTests" */;
			buildPhases = (
				1D8E961927AEAC930024CBB3 /* Sources */,
				1D8E961A27AEAC930024CBB3 /* Frameworks */,
				1D8E961B27AEAC930024CBB3 /* Resources */,
			);
			buildRules = (
			);
			dependencies = (
				1D8E961F27AEAC930024CBB3 /* PBXTargetDependency */,
			);
			name = TestTecnicalTests;
			productName = TestTecnicalTests;
			productReference = 1D8E961D27AEAC930024CBB3 /* TestTecnicalTests.xctest */;
			productType = "com.apple.product-type.bundle.unit-test";
		};
		1D8E962627AEAC930024CBB3 /* TestTecnicalUITests */ = {
			isa = PBXNativeTarget;
			buildConfigurationList = 1D8E963727AEAC930024CBB3 /* Build configuration list for PBXNativeTarget "TestTecnicalUITests" */;
			buildPhases = (
				1D8E962327AEAC930024CBB3 /* Sources */,
				1D8E962427AEAC930024CBB3 /* Frameworks */,
				1D8E962527AEAC930024CBB3 /* Resources */,
			);
			buildRules = (
			);
			dependencies = (
				1D8E962927AEAC930024CBB3 /* PBXTargetDependency */,
			);
			name = TestTecnicalUITests;
			productName = TestTecnicalUITests;
			productReference = 1D8E962727AEAC930024CBB3 /* TestTecnicalUITests.xctest */;
			productType = "com.apple.product-type.bundle.ui-testing";
		};
/* End PBXNativeTarget section */

/* Begin PBXProject section */
		1D8E95FF27AEAC910024CBB3 /* Project object */ = {
			isa = PBXProject;
			attributes = {
				BuildIndependentTargetsInParallel = 1;
				LastSwiftUpdateCheck = 1320;
				LastUpgradeCheck = 1320;
				TargetAttributes = {
					1D8E960627AEAC910024CBB3 = {
						CreatedOnToolsVersion = 13.2.1;
					};
					1D8E961C27AEAC930024CBB3 = {
						CreatedOnToolsVersion = 13.2.1;
						TestTargetID = 1D8E960627AEAC910024CBB3;
					};
					1D8E962627AEAC930024CBB3 = {
						CreatedOnToolsVersion = 13.2.1;
						TestTargetID = 1D8E960627AEAC910024CBB3;
					};
				};
			};
			buildConfigurationList = 1D8E960227AEAC910024CBB3 /* Build configuration list for PBXProject "TestTecnical" */;
			compatibilityVersion = "Xcode 13.0";
			developmentRegion = en;
			hasScannedForEncodings = 0;
			knownRegions = (
				en,
				Base,
			);
			mainGroup = 1D8E95FE27AEAC910024CBB3;
			productRefGroup = 1D8E960827AEAC910024CBB3 /* Products */;
			projectDirPath = "";
			projectRoot = "";
			targets = (
				1D8E960627AEAC910024CBB3 /* TestTecnical */,
				1D8E961C27AEAC930024CBB3 /* TestTecnicalTests */,
				1D8E962627AEAC930024CBB3 /* TestTecnicalUITests */,
			);
		};
/* End PBXProject section */

/* Begin PBXResourcesBuildPhase section */
		1D8E960527AEAC910024CBB3 /* Resources */ = {
			isa = PBXResourcesBuildPhase;
			buildActionMask = 2147483647;
			files = (
				1D8E961727AEAC930024CBB3 /* LaunchScreen.storyboard in Resources */,
				1D8E961427AEAC930024CBB3 /* Assets.xcassets in Resources */,
				1D8E961227AEAC910024CBB3 /* Main.storyboard in Resources */,
			);
			runOnlyForDeploymentPostprocessing = 0;
		};
		1D8E961B27AEAC930024CBB3 /* Resources */ = {
			isa = PBXResourcesBuildPhase;
			buildActionMask = 2147483647;
			files = (
			);
			runOnlyForDeploymentPostprocessing = 0;
		};
		1D8E962527AEAC930024CBB3 /* Resources */ = {
			isa = PBXResourcesBuildPhase;
			buildActionMask = 2147483647;
			files = (
			);
			runOnlyForDeploymentPostprocessing = 0;
		};
/* End PBXResourcesBuildPhase section */

/* Begin PBXSourcesBuildPhase section */
		1D8E960327AEAC910024CBB3 /* Sources */ = {
			isa = PBXSourcesBuildPhase;
			buildActionMask = 2147483647;
			files = (
				1D8E960F27AEAC910024CBB3 /* ViewController.swift in Sources */,
				1D8E960B27AEAC910024CBB3 /* AppDelegate.swift in Sources */,
				1D8E960D27AEAC910024CBB3 /* SceneDelegate.swift in Sources */,
			);
			runOnlyForDeploymentPostprocessing = 0;
		};
		1D8E961927AEAC930024CBB3 /* Sources */ = {
			isa = PBXSourcesBuildPhase;
			buildActionMask = 2147483647;
			files = (
				1D8E962227AEAC930024CBB3 /* TestTecnicalTests.swift in Sources */,
			);
			runOnlyForDeploymentPostprocessing = 0;
		};
		1D8E962327AEAC930024CBB3 /* Sources */ = {
			isa = PBXSourcesBuildPhase;
			buildActionMask = 2147483647;
			files = (
				1D8E962C27AEAC930024CBB3 /* TestTecnicalUITests.swift in Sources */,
				1D8E962E27AEAC930024CBB3 /* TestTecnicalUITestsLaunchTests.swift in Sources */,
			);
			runOnlyForDeploymentPostprocessing = 0;
		};
/* End PBXSourcesBuildPhase section */

/* Begin PBXTargetDependency section */
		1D8E961F27AEAC930024CBB3 /* PBXTargetDependency */ = {
			isa = PBXTargetDependency;
			target = 1D8E960627AEAC910024CBB3 /* TestTecnical */;
			targetProxy = 1D8E961E27AEAC930024CBB3 /* PBXContainerItemProxy */;
		};
		1D8E962927AEAC930024CBB3 /* PBXTargetDependency */ = {
			isa = PBXTargetDependency;
			target = 1D8E960627AEAC910024CBB3 /* TestTecnical */;
			targetProxy = 1D8E962827AEAC930024CBB3 /* PBXContainerItemProxy */;
		};
/* End PBXTargetDependency section */

/* Begin PBXVariantGroup section */
		1D8E961027AEAC910024CBB3 /* Main.storyboard */ = {
			isa = PBXVariantGroup;
			children = (
				1D8E961127AEAC910024CBB3 /* Base */,
			);
			name = Main.storyboard;
			sourceTree = "<group>";
		};
		1D8E961527AEAC930024CBB3 /* LaunchScreen.storyboard */ = {
			isa = PBXVariantGroup;
			children = (
				1D8E961627AEAC930024CBB3 /* Base */,
			);
			name = LaunchScreen.storyboard;
			sourceTree = "<group>";
		};
/* End PBXVariantGroup section */

/* Begin XCBuildConfiguration section */
		1D8E962F27AEAC930024CBB3 /* Debug */ = {
			isa = XCBuildConfiguration;
			buildSettings = {
				ALWAYS_SEARCH_USER_PATHS = NO;
				CLANG_ANALYZER_NONNULL = YES;
				CLANG_ANALYZER_NUMBER_OBJECT_CONVERSION = YES_AGGRESSIVE;
				CLANG_CXX_LANGUAGE_STANDARD = "gnu++17";
				CLANG_CXX_LIBRARY = "libc++";
				CLANG_ENABLE_MODULES = YES;
				CLANG_ENABLE_OBJC_ARC = YES;
				CLANG_ENABLE_OBJC_WEAK = YES;
				CLANG_WARN_BLOCK_CAPTURE_AUTORELEASING = YES;
				CLANG_WARN_BOOL_CONVERSION = YES;
				CLANG_WARN_COMMA = YES;
				CLANG_WARN_CONSTANT_CONVERSION = YES;
				CLANG_WARN_DEPRECATED_OBJC_IMPLEMENTATIONS = YES;
				CLANG_WARN_DIRECT_OBJC_ISA_USAGE = YES_ERROR;
				CLANG_WARN_DOCUMENTATION_COMMENTS = YES;
				CLANG_WARN_EMPTY_BODY = YES;
				CLANG_WARN_ENUM_CONVERSION = YES;
				CLANG_WARN_INFINITE_RECURSION = YES;
				CLANG_WARN_INT_CONVERSION = YES;
				CLANG_WARN_NON_LITERAL_NULL_CONVERSION = YES;
				CLANG_WARN_OBJC_IMPLICIT_RETAIN_SELF = YES;
				CLANG_WARN_OBJC_LITERAL_CONVERSION = YES;
				CLANG_WARN_OBJC_ROOT_CLASS = YES_ERROR;
				CLANG_WARN_QUOTED_INCLUDE_IN_FRAMEWORK_HEADER = YES;
				CLANG_WARN_RANGE_LOOP_ANALYSIS = YES;
				CLANG_WARN_STRICT_PROTOTYPES = YES;
				CLANG_WARN_SUSPICIOUS_MOVE = YES;
				CLANG_WARN_UNGUARDED_AVAILABILITY = YES_AGGRESSIVE;
				CLANG_WARN_UNREACHABLE_CODE = YES;
				CLANG_WARN__DUPLICATE_METHOD_MATCH = YES;
				COPY_PHASE_STRIP = NO;
				DEBUG_INFORMATION_FORMAT = dwarf;
				ENABLE_STRICT_OBJC_MSGSEND = YES;
				ENABLE_TESTABILITY = YES;
				GCC_C_LANGUAGE_STANDARD = gnu11;
				GCC_DYNAMIC_NO_PIC = NO;
				GCC_NO_COMMON_BLOCKS = YES;
				GCC_OPTIMIZATION_LEVEL = 0;
				GCC_PREPROCESSOR_DEFINITIONS = (
					"DEBUG=1",
					"$(inherited)",
				);
				GCC_WARN_64_TO_32_BIT_CONVERSION = YES;
				GCC_WARN_ABOUT_RETURN_TYPE = YES_ERROR;
				GCC_WARN_UNDECLARED_SELECTOR = YES;
				GCC_WARN_UNINITIALIZED_AUTOS = YES_AGGRESSIVE;
				GCC_WARN_UNUSED_FUNCTION = YES;
				GCC_WARN_UNUSED_VARIABLE = YES;
				IPHONEOS_DEPLOYMENT_TARGET = 15.2;
				MTL_ENABLE_DEBUG_INFO = INCLUDE_SOURCE;
				MTL_FAST_MATH = YES;
				ONLY_ACTIVE_ARCH = YES;
				SDKROOT = iphoneos;
				SWIFT_ACTIVE_COMPILATION_CONDITIONS = DEBUG;
				SWIFT_OPTIMIZATION_LEVEL = "-Onone";
			};
			name = Debug;
		};
		1D8E963027AEAC930024CBB3 /* Release */ = {
			isa = XCBuildConfiguration;
			buildSettings = {
				ALWAYS_SEARCH_USER_PATHS = NO;
				CLANG_ANALYZER_NONNULL = YES;
				CLANG_ANALYZER_NUMBER_OBJECT_CONVERSION = YES_AGGRESSIVE;
				CLANG_CXX_LANGUAGE_STANDARD = "gnu++17";
				CLANG_CXX_LIBRARY = "libc++";
				CLANG_ENABLE_MODULES = YES;
				CLANG_ENABLE_OBJC_ARC = YES;
				CLANG_ENABLE_OBJC_WEAK = YES;
				CLANG_WARN_BLOCK_CAPTURE_AUTORELEASING = YES;
				CLANG_WARN_BOOL_CONVERSION = YES;
				CLANG_WARN_COMMA = YES;
				CLANG_WARN_CONSTANT_CONVERSION = YES;
				CLANG_WARN_DEPRECATED_OBJC_IMPLEMENTATIONS = YES;
				CLANG_WARN_DIRECT_OBJC_ISA_USAGE = YES_ERROR;
				CLANG_WARN_DOCUMENTATION_COMMENTS = YES;
				CLANG_WARN_EMPTY_BODY = YES;
				CLANG_WARN_ENUM_CONVERSION = YES;
				CLANG_WARN_INFINITE_RECURSION = YES;
				CLANG_WARN_INT_CONVERSION = YES;
				CLANG_WARN_NON_LITERAL_NULL_CONVERSION = YES;
				CLANG_WARN_OBJC_IMPLICIT_RETAIN_SELF = YES;
				CLANG_WARN_OBJC_LITERAL_CONVERSION = YES;
				CLANG_WARN_OBJC_ROOT_CLASS = YES_ERROR;
				CLANG_WARN_QUOTED_INCLUDE_IN_FRAMEWORK_HEADER = YES;
				CLANG_WARN_RANGE_LOOP_ANALYSIS = YES;
				CLANG_WARN_STRICT_PROTOTYPES = YES;
				CLANG_WARN_SUSPICIOUS_MOVE = YES;
				CLANG_WARN_UNGUARDED_AVAILABILITY = YES_AGGRESSIVE;
				CLANG_WARN_UNREACHABLE_CODE = YES;
				CLANG_WARN__DUPLICATE_METHOD_MATCH = YES;
				COPY_PHASE_STRIP = NO;
				DEBUG_INFORMATION_FORMAT = "dwarf-with-dsym";
				ENABLE_NS_ASSERTIONS = NO;
				ENABLE_STRICT_OBJC_MSGSEND = YES;
				GCC_C_LANGUAGE_STANDARD = gnu11;
				GCC_NO_COMMON_BLOCKS = YES;
				GCC_WARN_64_TO_32_BIT_CONVERSION = YES;
				GCC_WARN_ABOUT_RETURN_TYPE = YES_ERROR;
				GCC_WARN_UNDECLARED_SELECTOR = YES;
				GCC_WARN_UNINITIALIZED_AUTOS = YES_AGGRESSIVE;
				GCC_WARN_UNUSED_FUNCTION = YES;
				GCC_WARN_UNUSED_VARIABLE = YES;
				IPHONEOS_DEPLOYMENT_TARGET = 15.2;
				MTL_ENABLE_DEBUG_INFO = NO;
				MTL_FAST_MATH = YES;
				SDKROOT = iphoneos;
				SWIFT_COMPILATION_MODE = wholemodule;
				SWIFT_OPTIMIZATION_LEVEL = "-O";
				VALIDATE_PRODUCT = YES;
			};
			name = Release;
		};
		1D8E963227AEAC930024CBB3 /* Debug */ = {
			isa = XCBuildConfiguration;
			buildSettings = {
				ASSETCATALOG_COMPILER_APPICON_NAME = AppIcon;
				ASSETCATALOG_COMPILER_GLOBAL_ACCENT_COLOR_NAME = AccentColor;
				CODE_SIGN_STYLE = Automatic;
				CURRENT_PROJECT_VERSION = 1;
				DEVELOPMENT_TEAM = 6ZD458SWM3;
				GENERATE_INFOPLIST_FILE = YES;
				INFOPLIST_FILE = TestTecnical/Info.plist;
				INFOPLIST_KEY_UIApplicationSupportsIndirectInputEvents = YES;
				INFOPLIST_KEY_UILaunchStoryboardName = LaunchScreen;
				INFOPLIST_KEY_UIMainStoryboardFile = Main;
				INFOPLIST_KEY_UISupportedInterfaceOrientations_iPad = "UIInterfaceOrientationPortrait UIInterfaceOrientationPortraitUpsideDown UIInterfaceOrientationLandscapeLeft UIInterfaceOrientationLandscapeRight";
				INFOPLIST_KEY_UISupportedInterfaceOrientations_iPhone = "UIInterfaceOrientationPortrait UIInterfaceOrientationLandscapeLeft UIInterfaceOrientationLandscapeRight";
				LD_RUNPATH_SEARCH_PATHS = (
					"$(inherited)",
					"@executable_path/Frameworks",
				);
				MARKETING_VERSION = 1.0;
				PRODUCT_BUNDLE_IDENTIFIER = oswaldo.TestTecnical;
				PRODUCT_NAME = "$(TARGET_NAME)";
				SWIFT_EMIT_LOC_STRINGS = YES;
				SWIFT_VERSION = 5.0;
				TARGETED_DEVICE_FAMILY = "1,2";
			};
			name = Debug;
		};
		1D8E963327AEAC930024CBB3 /* Release */ = {
			isa = XCBuildConfiguration;
			buildSettings = {
				ASSETCATALOG_COMPILER_APPICON_NAME = AppIcon;
				ASSETCATALOG_COMPILER_GLOBAL_ACCENT_COLOR_NAME = AccentColor;
				CODE_SIGN_STYLE = Automatic;
				CURRENT_PROJECT_VERSION = 1;
				DEVELOPMENT_TEAM = 6ZD458SWM3;
				GENERATE_INFOPLIST_FILE = YES;
				INFOPLIST_FILE = TestTecnical/Info.plist;
				INFOPLIST_KEY_UIApplicationSupportsIndirectInputEvents = YES;
				INFOPLIST_KEY_UILaunchStoryboardName = LaunchScreen;
				INFOPLIST_KEY_UIMainStoryboardFile = Main;
				INFOPLIST_KEY_UISupportedInterfaceOrientations_iPad = "UIInterfaceOrientationPortrait UIInterfaceOrientationPortraitUpsideDown UIInterfaceOrientationLandscapeLeft UIInterfaceOrientationLandscapeRight";
				INFOPLIST_KEY_UISupportedInterfaceOrientations_iPhone = "UIInterfaceOrientationPortrait UIInterfaceOrientationLandscapeLeft UIInterfaceOrientationLandscapeRight";
				LD_RUNPATH_SEARCH_PATHS = (
					"$(inherited)",
					"@executable_path/Frameworks",
				);
				MARKETING_VERSION = 1.0;
				PRODUCT_BUNDLE_IDENTIFIER = oswaldo.TestTecnical;
				PRODUCT_NAME = "$(TARGET_NAME)";
				SWIFT_EMIT_LOC_STRINGS = YES;
				SWIFT_VERSION = 5.0;
				TARGETED_DEVICE_FAMILY = "1,2";
			};
			name = Release;
		};
		1D8E963527AEAC930024CBB3 /* Debug */ = {
			isa = XCBuildConfiguration;
			buildSettings = {
				ALWAYS_EMBED_SWIFT_STANDARD_LIBRARIES = YES;
				BUNDLE_LOADER = "$(TEST_HOST)";
				CODE_SIGN_STYLE = Automatic;
				CURRENT_PROJECT_VERSION = 1;
				DEVELOPMENT_TEAM = 6ZD458SWM3;
				GENERATE_INFOPLIST_FILE = YES;
				IPHONEOS_DEPLOYMENT_TARGET = 15.2;
				MARKETING_VERSION = 1.0;
				PRODUCT_BUNDLE_IDENTIFIER = oswaldo.TestTecnicalTests;
				PRODUCT_NAME = "$(TARGET_NAME)";
				SWIFT_EMIT_LOC_STRINGS = NO;
				SWIFT_VERSION = 5.0;
				TARGETED_DEVICE_FAMILY = "1,2";
				TEST_HOST = "$(BUILT_PRODUCTS_DIR)/TestTecnical.app/TestTecnical";
			};
			name = Debug;
		};
		1D8E963627AEAC930024CBB3 /* Release */ = {
			isa = XCBuildConfiguration;
			buildSettings = {
				ALWAYS_EMBED_SWIFT_STANDARD_LIBRARIES = YES;
				BUNDLE_LOADER = "$(TEST_HOST)";
				CODE_SIGN_STYLE = Automatic;
				CURRENT_PROJECT_VERSION = 1;
				DEVELOPMENT_TEAM = 6ZD458SWM3;
				GENERATE_INFOPLIST_FILE = YES;
				IPHONEOS_DEPLOYMENT_TARGET = 15.2;
				MARKETING_VERSION = 1.0;
				PRODUCT_BUNDLE_IDENTIFIER = oswaldo.TestTecnicalTests;
				PRODUCT_NAME = "$(TARGET_NAME)";
				SWIFT_EMIT_LOC_STRINGS = NO;
				SWIFT_VERSION = 5.0;
				TARGETED_DEVICE_FAMILY = "1,2";
				TEST_HOST = "$(BUILT_PRODUCTS_DIR)/TestTecnical.app/TestTecnical";
			};
			name = Release;
		};
		1D8E963827AEAC930024CBB3 /* Debug */ = {
			isa = XCBuildConfiguration;
			buildSettings = {
				ALWAYS_EMBED_SWIFT_STANDARD_LIBRARIES = YES;
				CODE_SIGN_STYLE = Automatic;
				CURRENT_PROJECT_VERSION = 1;
				DEVELOPMENT_TEAM = 6ZD458SWM3;
				GENERATE_INFOPLIST_FILE = YES;
				MARKETING_VERSION = 1.0;
				PRODUCT_BUNDLE_IDENTIFIER = oswaldo.TestTecnicalUITests;
				PRODUCT_NAME = "$(TARGET_NAME)";
				SWIFT_EMIT_LOC_STRINGS = NO;
				SWIFT_VERSION = 5.0;
				TARGETED_DEVICE_FAMILY = "1,2";
				TEST_TARGET_NAME = TestTecnical;
			};
			name = Debug;
		};
		1D8E963927AEAC930024CBB3 /* Release */ = {
			isa = XCBuildConfiguration;
			buildSettings = {
				ALWAYS_EMBED_SWIFT_STANDARD_LIBRARIES = YES;
				CODE_SIGN_STYLE = Automatic;
				CURRENT_PROJECT_VERSION = 1;
				DEVELOPMENT_TEAM = 6ZD458SWM3;
				GENERATE_INFOPLIST_FILE = YES;
				MARKETING_VERSION = 1.0;
				PRODUCT_BUNDLE_IDENTIFIER = oswaldo.TestTecnicalUITests;
				PRODUCT_NAME = "$(TARGET_NAME)";
				SWIFT_EMIT_LOC_STRINGS = NO;
				SWIFT_VERSION = 5.0;
				TARGETED_DEVICE_FAMILY = "1,2";
				TEST_TARGET_NAME = TestTecnical;
			};
			name = Release;
		};
/* End XCBuildConfiguration section */

/* Begin XCConfigurationList section */
		1D8E960227AEAC910024CBB3 /* Build configuration list for PBXProject "TestTecnical" */ = {
			isa = XCConfigurationList;
			buildConfigurations = (
				1D8E962F27AEAC930024CBB3 /* Debug */,
				1D8E963027AEAC930024CBB3 /* Release */,
			);
			defaultConfigurationIsVisible = 0;
			defaultConfigurationName = Release;
		};
		1D8E963127AEAC930024CBB3 /* Build configuration list for PBXNativeTarget "TestTecnical" */ = {
			isa = XCConfigurationList;
			buildConfigurations = (
				1D8E963227AEAC930024CBB3 /* Debug */,
				1D8E963327AEAC930024CBB3 /* Release */,
			);
			defaultConfigurationIsVisible = 0;
			defaultConfigurationName = Release;
		};
		1D8E963427AEAC930024CBB3 /* Build configuration list for PBXNativeTarget "TestTecnicalTests" */ = {
			isa = XCConfigurationList;
			buildConfigurations = (
				1D8E963527AEAC930024CBB3 /* Debug */,
				1D8E963627AEAC930024CBB3 /* Release */,
			);
			defaultConfigurationIsVisible = 0;
			defaultConfigurationName = Release;
		};
		1D8E963727AEAC930024CBB3 /* Build configuration list for PBXNativeTarget "TestTecnicalUITests" */ = {
			isa = XCConfigurationList;
			buildConfigurations = (
				1D8E963827AEAC930024CBB3 /* Debug */,
				1D8E963927AEAC930024CBB3 /* Release */,
			);
			defaultConfigurationIsVisible = 0;
			defaultConfigurationName = Release;
		};
/* End XCConfigurationList section */
	};
	rootObject = 1D8E95FF27AEAC910024CBB3 /* Project object */;
}
